
Microsoft Visual Studio Solution File, Format Version 11.00
# Visual C# Express 2010
Project("{FAE04EC0-301F-11D3-BF4B-00C04F79EFBC}") = "translator", "zuzeTransalor\translator.csproj", "{D734545D-0ED0-46AD-92FB-21BC518E4A95}"
EndProject
Global
	GlobalSection(SolutionConfigurationPlatforms) = preSolution
		Debug|x86 = Debug|x86
		Release|x86 = Release|x86
	EndGlobalSection
	GlobalSection(ProjectConfigurationPlatforms) = postSolution
		{D734545D-0ED0-46AD-92FB-21BC518E4A95}.Debug|x86.ActiveCfg = Debug|x86
		{D734545D-0ED0-46AD-92FB-21BC518E4A95}.Debug|x86.Build.0 = Debug|x86
		{D734545D-0ED0-46AD-92FB-21BC518E4A95}.Release|x86.ActiveCfg = Release|x86
		{D734545D-0ED0-46AD-92FB-21BC518E4A95}.Release|x86.Build.0 = Release|x86
	EndGlobalSection
	GlobalSection(SolutionProperties) = preSolution
		HideSolutionNode = FALSE
	EndGlobalSection
EndGlobal
